// !$*UTF8*$!
{
	archiveVersion = 1;
	classes = {
	};
	objectVersion = 56;
	objects = {

/* Begin PBXBuildFile section */
		BD2F42BE29AE1B24004766A4 /* GitHubSearchViewTests.swift in Sources */ = {isa = PBXBuildFile; fileRef = BD2F42BD29AE1B24004766A4 /* GitHubSearchViewTests.swift */; };
		BD537BA229A8EAE70024A871 /* RootView.swift in Sources */ = {isa = PBXBuildFile; fileRef = BD537BA129A8EAE70024A871 /* RootView.swift */; };
		BD537BD529A8F7240024A871 /* GitHubSearchStoreTests.swift in Sources */ = {isa = PBXBuildFile; fileRef = BD537BD429A8F7240024A871 /* GitHubSearchStoreTests.swift */; };
		BD55EF4F29A60EBE006E740D /* GitHubSearchApp_iOS_TCAApp.swift in Sources */ = {isa = PBXBuildFile; fileRef = BD55EF4E29A60EBE006E740D /* GitHubSearchApp_iOS_TCAApp.swift */; };
		BD55EF5329A60EBF006E740D /* Assets.xcassets in Resources */ = {isa = PBXBuildFile; fileRef = BD55EF5229A60EBF006E740D /* Assets.xcassets */; };
		BD55EF5629A60EBF006E740D /* Preview Assets.xcassets in Resources */ = {isa = PBXBuildFile; fileRef = BD55EF5529A60EBF006E740D /* Preview Assets.xcassets */; };
		BD55EF5E29A79571006E740D /* ComposableArchitecture in Frameworks */ = {isa = PBXBuildFile; productRef = BD55EF5D29A79571006E740D /* ComposableArchitecture */; };
		BD55EF6029A7971D006E740D /* GitHubSearchListView.swift in Sources */ = {isa = PBXBuildFile; fileRef = BD55EF5F29A7971D006E740D /* GitHubSearchListView.swift */; };
		BD5CCE9E29ACE7ED00A7FC9E /* Repository.swift in Sources */ = {isa = PBXBuildFile; fileRef = BD5CCE9D29ACE7ED00A7FC9E /* Repository.swift */; };
		BD5CCEA029ACE8E100A7FC9E /* GitHubSearchStore.swift in Sources */ = {isa = PBXBuildFile; fileRef = BD5CCE9F29ACE8E100A7FC9E /* GitHubSearchStore.swift */; };
		BD61778229BB04E8003002D2 /* MyRepo.xcdatamodeld in Sources */ = {isa = PBXBuildFile; fileRef = BD61778029BB04E8003002D2 /* MyRepo.xcdatamodeld */; };
		BD66F96829B5D49900313967 /* ContentsTabView.swift in Sources */ = {isa = PBXBuildFile; fileRef = BD66F96729B5D49900313967 /* ContentsTabView.swift */; };
		BD66F96C29B5D70500313967 /* MyRepoListView.swift in Sources */ = {isa = PBXBuildFile; fileRef = BD66F96B29B5D70500313967 /* MyRepoListView.swift */; };
		BD66F96E29B5D9EB00313967 /* GitHubSearchListRowView.swift in Sources */ = {isa = PBXBuildFile; fileRef = BD66F96D29B5D9EB00313967 /* GitHubSearchListRowView.swift */; };
		BD66F97529B61B6200313967 /* Endpoint.swift in Sources */ = {isa = PBXBuildFile; fileRef = BD66F97429B61B6200313967 /* Endpoint.swift */; };
		BD66F97729B61B8600313967 /* Requestable.swift in Sources */ = {isa = PBXBuildFile; fileRef = BD66F97629B61B8600313967 /* Requestable.swift */; };
		BD66F97929B61C7400313967 /* NetworkError.swift in Sources */ = {isa = PBXBuildFile; fileRef = BD66F97829B61C7400313967 /* NetworkError.swift */; };
		BD66F97B29B61D1A00313967 /* Responsable.swift in Sources */ = {isa = PBXBuildFile; fileRef = BD66F97A29B61D1A00313967 /* Responsable.swift */; };
		BD66F97D29B61DFC00313967 /* Provider.swift in Sources */ = {isa = PBXBuildFile; fileRef = BD66F97C29B61DFC00313967 /* Provider.swift */; };
		BD66F98429B766A100313967 /* SearchRepoRequestDTO.swift in Sources */ = {isa = PBXBuildFile; fileRef = BD66F98329B766A100313967 /* SearchRepoRequestDTO.swift */; };
		BD66F98629B766B400313967 /* SearchRepoResponseDTO.swift in Sources */ = {isa = PBXBuildFile; fileRef = BD66F98529B766B400313967 /* SearchRepoResponseDTO.swift */; };
		BD66F98829B7687900313967 /* APIEndpoints.swift in Sources */ = {isa = PBXBuildFile; fileRef = BD66F98729B7687900313967 /* APIEndpoints.swift */; };
		BD66F98B29B76ADD00313967 /* APIEndpointsTests.swift in Sources */ = {isa = PBXBuildFile; fileRef = BD66F98A29B76ADD00313967 /* APIEndpointsTests.swift */; };
		BD66F98F29B7A04600313967 /* MockURLSession.swift in Sources */ = {isa = PBXBuildFile; fileRef = BD66F98E29B7A04600313967 /* MockURLSession.swift */; };
		BD66F99129B7A05700313967 /* APIMockData.swift in Sources */ = {isa = PBXBuildFile; fileRef = BD66F99029B7A05700313967 /* APIMockData.swift */; };
		BD932B6C29BB3DDB00599572 /* CoreDataManager.swift in Sources */ = {isa = PBXBuildFile; fileRef = BD932B6B29BB3DDB00599572 /* CoreDataManager.swift */; };
		BD932B6E29BB453000599572 /* CoreDataStorage.swift in Sources */ = {isa = PBXBuildFile; fileRef = BD932B6D29BB453000599572 /* CoreDataStorage.swift */; };
		BD932B7129BB64E100599572 /* MyRepoStore.swift in Sources */ = {isa = PBXBuildFile; fileRef = BD932B7029BB64E100599572 /* MyRepoStore.swift */; };
		BDE683C529BB085E00416220 /* MyRepo+CoreDataClass.swift in Sources */ = {isa = PBXBuildFile; fileRef = BDE683C329BB085E00416220 /* MyRepo+CoreDataClass.swift */; };
		BDE683C629BB085E00416220 /* MyRepo+CoreDataProperties.swift in Sources */ = {isa = PBXBuildFile; fileRef = BDE683C429BB085E00416220 /* MyRepo+CoreDataProperties.swift */; };
		BDE683C929BB0A8A00416220 /* CoreDataManagerTests.swift in Sources */ = {isa = PBXBuildFile; fileRef = BDE683C829BB0A8A00416220 /* CoreDataManagerTests.swift */; };
/* End PBXBuildFile section */

/* Begin PBXContainerItemProxy section */
		BD537BCF29A8F51D0024A871 /* PBXContainerItemProxy */ = {
			isa = PBXContainerItemProxy;
			containerPortal = BD55EF4329A60EBE006E740D /* Project object */;
			proxyType = 1;
			remoteGlobalIDString = BD55EF4A29A60EBE006E740D;
			remoteInfo = GitHubSearchApp_iOS_TCA;
		};
/* End PBXContainerItemProxy section */

/* Begin PBXFileReference section */
		BD2F42BD29AE1B24004766A4 /* GitHubSearchViewTests.swift */ = {isa = PBXFileReference; lastKnownFileType = sourcecode.swift; path = GitHubSearchViewTests.swift; sourceTree = "<group>"; };
		BD537BA129A8EAE70024A871 /* RootView.swift */ = {isa = PBXFileReference; lastKnownFileType = sourcecode.swift; path = RootView.swift; sourceTree = "<group>"; };
		BD537BCB29A8F51D0024A871 /* GitHubSearchApp_iOS_TCA_Tests.xctest */ = {isa = PBXFileReference; explicitFileType = wrapper.cfbundle; includeInIndex = 0; path = GitHubSearchApp_iOS_TCA_Tests.xctest; sourceTree = BUILT_PRODUCTS_DIR; };
		BD537BD429A8F7240024A871 /* GitHubSearchStoreTests.swift */ = {isa = PBXFileReference; lastKnownFileType = sourcecode.swift; path = GitHubSearchStoreTests.swift; sourceTree = "<group>"; };
		BD55EF4B29A60EBE006E740D /* GitHubSearchApp_iOS_TCA.app */ = {isa = PBXFileReference; explicitFileType = wrapper.application; includeInIndex = 0; path = GitHubSearchApp_iOS_TCA.app; sourceTree = BUILT_PRODUCTS_DIR; };
		BD55EF4E29A60EBE006E740D /* GitHubSearchApp_iOS_TCAApp.swift */ = {isa = PBXFileReference; lastKnownFileType = sourcecode.swift; path = GitHubSearchApp_iOS_TCAApp.swift; sourceTree = "<group>"; };
		BD55EF5229A60EBF006E740D /* Assets.xcassets */ = {isa = PBXFileReference; lastKnownFileType = folder.assetcatalog; path = Assets.xcassets; sourceTree = "<group>"; };
		BD55EF5529A60EBF006E740D /* Preview Assets.xcassets */ = {isa = PBXFileReference; lastKnownFileType = folder.assetcatalog; path = "Preview Assets.xcassets"; sourceTree = "<group>"; };
		BD55EF5F29A7971D006E740D /* GitHubSearchListView.swift */ = {isa = PBXFileReference; lastKnownFileType = sourcecode.swift; path = GitHubSearchListView.swift; sourceTree = "<group>"; };
		BD5CCE9D29ACE7ED00A7FC9E /* Repository.swift */ = {isa = PBXFileReference; lastKnownFileType = sourcecode.swift; path = Repository.swift; sourceTree = "<group>"; };
		BD5CCE9F29ACE8E100A7FC9E /* GitHubSearchStore.swift */ = {isa = PBXFileReference; lastKnownFileType = sourcecode.swift; path = GitHubSearchStore.swift; sourceTree = "<group>"; };
		BD61778129BB04E8003002D2 /* MyRepo.xcdatamodel */ = {isa = PBXFileReference; lastKnownFileType = wrapper.xcdatamodel; path = MyRepo.xcdatamodel; sourceTree = "<group>"; };
		BD66F96729B5D49900313967 /* ContentsTabView.swift */ = {isa = PBXFileReference; lastKnownFileType = sourcecode.swift; path = ContentsTabView.swift; sourceTree = "<group>"; };
		BD66F96B29B5D70500313967 /* MyRepoListView.swift */ = {isa = PBXFileReference; lastKnownFileType = sourcecode.swift; path = MyRepoListView.swift; sourceTree = "<group>"; };
		BD66F96D29B5D9EB00313967 /* GitHubSearchListRowView.swift */ = {isa = PBXFileReference; lastKnownFileType = sourcecode.swift; path = GitHubSearchListRowView.swift; sourceTree = "<group>"; };
		BD66F97429B61B6200313967 /* Endpoint.swift */ = {isa = PBXFileReference; lastKnownFileType = sourcecode.swift; path = Endpoint.swift; sourceTree = "<group>"; };
		BD66F97629B61B8600313967 /* Requestable.swift */ = {isa = PBXFileReference; lastKnownFileType = sourcecode.swift; path = Requestable.swift; sourceTree = "<group>"; };
		BD66F97829B61C7400313967 /* NetworkError.swift */ = {isa = PBXFileReference; lastKnownFileType = sourcecode.swift; path = NetworkError.swift; sourceTree = "<group>"; };
		BD66F97A29B61D1A00313967 /* Responsable.swift */ = {isa = PBXFileReference; lastKnownFileType = sourcecode.swift; path = Responsable.swift; sourceTree = "<group>"; };
		BD66F97C29B61DFC00313967 /* Provider.swift */ = {isa = PBXFileReference; lastKnownFileType = sourcecode.swift; path = Provider.swift; sourceTree = "<group>"; };
		BD66F98329B766A100313967 /* SearchRepoRequestDTO.swift */ = {isa = PBXFileReference; lastKnownFileType = sourcecode.swift; path = SearchRepoRequestDTO.swift; sourceTree = "<group>"; };
		BD66F98529B766B400313967 /* SearchRepoResponseDTO.swift */ = {isa = PBXFileReference; lastKnownFileType = sourcecode.swift; path = SearchRepoResponseDTO.swift; sourceTree = "<group>"; };
		BD66F98729B7687900313967 /* APIEndpoints.swift */ = {isa = PBXFileReference; lastKnownFileType = sourcecode.swift; path = APIEndpoints.swift; sourceTree = "<group>"; };
		BD66F98A29B76ADD00313967 /* APIEndpointsTests.swift */ = {isa = PBXFileReference; lastKnownFileType = sourcecode.swift; path = APIEndpointsTests.swift; sourceTree = "<group>"; };
		BD66F98E29B7A04600313967 /* MockURLSession.swift */ = {isa = PBXFileReference; lastKnownFileType = sourcecode.swift; path = MockURLSession.swift; sourceTree = "<group>"; };
		BD66F99029B7A05700313967 /* APIMockData.swift */ = {isa = PBXFileReference; lastKnownFileType = sourcecode.swift; path = APIMockData.swift; sourceTree = "<group>"; };
		BD932B6B29BB3DDB00599572 /* CoreDataManager.swift */ = {isa = PBXFileReference; lastKnownFileType = sourcecode.swift; path = CoreDataManager.swift; sourceTree = "<group>"; };
		BD932B6D29BB453000599572 /* CoreDataStorage.swift */ = {isa = PBXFileReference; lastKnownFileType = sourcecode.swift; path = CoreDataStorage.swift; sourceTree = "<group>"; };
		BD932B7029BB64E100599572 /* MyRepoStore.swift */ = {isa = PBXFileReference; lastKnownFileType = sourcecode.swift; path = MyRepoStore.swift; sourceTree = "<group>"; };
		BDE683C329BB085E00416220 /* MyRepo+CoreDataClass.swift */ = {isa = PBXFileReference; lastKnownFileType = sourcecode.swift; path = "MyRepo+CoreDataClass.swift"; sourceTree = "<group>"; };
		BDE683C429BB085E00416220 /* MyRepo+CoreDataProperties.swift */ = {isa = PBXFileReference; lastKnownFileType = sourcecode.swift; path = "MyRepo+CoreDataProperties.swift"; sourceTree = "<group>"; };
		BDE683C829BB0A8A00416220 /* CoreDataManagerTests.swift */ = {isa = PBXFileReference; lastKnownFileType = sourcecode.swift; path = CoreDataManagerTests.swift; sourceTree = "<group>"; };
/* End PBXFileReference section */

/* Begin PBXFrameworksBuildPhase section */
		BD537BC829A8F51D0024A871 /* Frameworks */ = {
			isa = PBXFrameworksBuildPhase;
			buildActionMask = 2147483647;
			files = (
			);
			runOnlyForDeploymentPostprocessing = 0;
		};
		BD55EF4829A60EBE006E740D /* Frameworks */ = {
			isa = PBXFrameworksBuildPhase;
			buildActionMask = 2147483647;
			files = (
				BD55EF5E29A79571006E740D /* ComposableArchitecture in Frameworks */,
			);
			runOnlyForDeploymentPostprocessing = 0;
		};
/* End PBXFrameworksBuildPhase section */

/* Begin PBXGroup section */
		BD2F42BC29AE1AF3004766A4 /* Views */ = {
			isa = PBXGroup;
			children = (
				BD2F42BD29AE1B24004766A4 /* GitHubSearchViewTests.swift */,
			);
			path = Views;
			sourceTree = "<group>";
		};
		BD537B9E29A8E9950024A871 /* Sources */ = {
			isa = PBXGroup;
			children = (
				BD537BA629A8EB960024A871 /* App */,
				BD66F96F29B61AE800313967 /* Infrastructure */,
				BD537B9F29A8E9BF0024A871 /* GitHubSearchAppComponent */,
			);
			path = Sources;
			sourceTree = "<group>";
		};
		BD537B9F29A8E9BF0024A871 /* GitHubSearchAppComponent */ = {
			isa = PBXGroup;
			children = (
				BD66F96529B5D40800313967 /* ContentsTabView */,
				BD537BA329A8EB6C0024A871 /* GitHubSearchView */,
				BD66F96929B5D6CB00313967 /* MyRepoView */,
			);
			path = GitHubSearchAppComponent;
			sourceTree = "<group>";
		};
		BD537BA029A8EA4F0024A871 /* Resources */ = {
			isa = PBXGroup;
			children = (
				BD55EF5229A60EBF006E740D /* Assets.xcassets */,
			);
			path = Resources;
			sourceTree = "<group>";
		};
		BD537BA329A8EB6C0024A871 /* GitHubSearchView */ = {
			isa = PBXGroup;
			children = (
				BD66F97E29B7666100313967 /* Data */,
				BD537BA529A8EB720024A871 /* Views */,
				BD537BA429A8EB6F0024A871 /* Store */,
			);
			path = GitHubSearchView;
			sourceTree = "<group>";
		};
		BD537BA429A8EB6F0024A871 /* Store */ = {
			isa = PBXGroup;
			children = (
				BD5CCE9F29ACE8E100A7FC9E /* GitHubSearchStore.swift */,
			);
			path = Store;
			sourceTree = "<group>";
		};
		BD537BA529A8EB720024A871 /* Views */ = {
			isa = PBXGroup;
			children = (
				BD55EF5F29A7971D006E740D /* GitHubSearchListView.swift */,
				BD66F96D29B5D9EB00313967 /* GitHubSearchListRowView.swift */,
			);
			path = Views;
			sourceTree = "<group>";
		};
		BD537BA629A8EB960024A871 /* App */ = {
			isa = PBXGroup;
			children = (
				BD55EF4E29A60EBE006E740D /* GitHubSearchApp_iOS_TCAApp.swift */,
				BD537BA129A8EAE70024A871 /* RootView.swift */,
			);
			path = App;
			sourceTree = "<group>";
		};
		BD537BAC29A8F2830024A871 /* Tests */ = {
			isa = PBXGroup;
			children = (
				BDE683C729BB097D00416220 /* CoreDataManagerTests */,
				BD66F98929B76AB500313967 /* APIEndpointsTests */,
				BD537BCC29A8F51D0024A871 /* GitHubSearchAppComponentTests */,
			);
			path = Tests;
			sourceTree = "<group>";
		};
		BD537BB529A8F2F00024A871 /* GitHubSearch */ = {
			isa = PBXGroup;
			children = (
				BD2F42BC29AE1AF3004766A4 /* Views */,
				BD537BB629A8F3310024A871 /* Store */,
			);
			path = GitHubSearch;
			sourceTree = "<group>";
		};
		BD537BB629A8F3310024A871 /* Store */ = {
			isa = PBXGroup;
			children = (
				BD537BD429A8F7240024A871 /* GitHubSearchStoreTests.swift */,
			);
			path = Store;
			sourceTree = "<group>";
		};
		BD537BCC29A8F51D0024A871 /* GitHubSearchAppComponentTests */ = {
			isa = PBXGroup;
			children = (
				BD537BB529A8F2F00024A871 /* GitHubSearch */,
			);
			path = GitHubSearchAppComponentTests;
			sourceTree = "<group>";
		};
		BD55EF4229A60EBE006E740D = {
			isa = PBXGroup;
			children = (
				BD55EF4D29A60EBE006E740D /* GitHubSearchApp_iOS_TCA */,
				BD537BAC29A8F2830024A871 /* Tests */,
				BD55EF4C29A60EBE006E740D /* Products */,
			);
			sourceTree = "<group>";
		};
		BD55EF4C29A60EBE006E740D /* Products */ = {
			isa = PBXGroup;
			children = (
				BD55EF4B29A60EBE006E740D /* GitHubSearchApp_iOS_TCA.app */,
				BD537BCB29A8F51D0024A871 /* GitHubSearchApp_iOS_TCA_Tests.xctest */,
			);
			name = Products;
			sourceTree = "<group>";
		};
		BD55EF4D29A60EBE006E740D /* GitHubSearchApp_iOS_TCA */ = {
			isa = PBXGroup;
			children = (
				BD537B9E29A8E9950024A871 /* Sources */,
				BD537BA029A8EA4F0024A871 /* Resources */,
				BD55EF5429A60EBF006E740D /* Preview Content */,
			);
			path = GitHubSearchApp_iOS_TCA;
			sourceTree = "<group>";
		};
		BD55EF5429A60EBF006E740D /* Preview Content */ = {
			isa = PBXGroup;
			children = (
				BD55EF5529A60EBF006E740D /* Preview Assets.xcassets */,
			);
			path = "Preview Content";
			sourceTree = "<group>";
		};
		BD5CCE9C29ACE7E200A7FC9E /* Model */ = {
			isa = PBXGroup;
			children = (
				BD5CCE9D29ACE7ED00A7FC9E /* Repository.swift */,
			);
			path = Model;
			sourceTree = "<group>";
		};
		BD61777F29BB043E003002D2 /* CoreData */ = {
			isa = PBXGroup;
			children = (
				BDE683C329BB085E00416220 /* MyRepo+CoreDataClass.swift */,
				BDE683C429BB085E00416220 /* MyRepo+CoreDataProperties.swift */,
				BD61778029BB04E8003002D2 /* MyRepo.xcdatamodeld */,
				BD932B6B29BB3DDB00599572 /* CoreDataManager.swift */,
				BD932B6D29BB453000599572 /* CoreDataStorage.swift */,
			);
			path = CoreData;
			sourceTree = "<group>";
		};
		BD66F96529B5D40800313967 /* ContentsTabView */ = {
			isa = PBXGroup;
			children = (
				BD66F96629B5D42700313967 /* Views */,
			);
			path = ContentsTabView;
			sourceTree = "<group>";
		};
		BD66F96629B5D42700313967 /* Views */ = {
			isa = PBXGroup;
			children = (
				BD66F96729B5D49900313967 /* ContentsTabView.swift */,
			);
			path = Views;
			sourceTree = "<group>";
		};
		BD66F96929B5D6CB00313967 /* MyRepoView */ = {
			isa = PBXGroup;
			children = (
				BD66F96A29B5D6FB00313967 /* Views */,
				BD932B6F29BB62EB00599572 /* Store */,
			);
			path = MyRepoView;
			sourceTree = "<group>";
		};
		BD66F96A29B5D6FB00313967 /* Views */ = {
			isa = PBXGroup;
			children = (
				BD66F96B29B5D70500313967 /* MyRepoListView.swift */,
			);
			path = Views;
			sourceTree = "<group>";
		};
		BD66F96F29B61AE800313967 /* Infrastructure */ = {
			isa = PBXGroup;
			children = (
				BD61777F29BB043E003002D2 /* CoreData */,
				BD66F97029B61B0700313967 /* Network */,
			);
			path = Infrastructure;
			sourceTree = "<group>";
		};
		BD66F97029B61B0700313967 /* Network */ = {
			isa = PBXGroup;
			children = (
				BD66F97329B61B5300313967 /* Common */,
				BD66F97229B61B4100313967 /* Provider */,
				BD66F97129B61B3C00313967 /* Endpoint */,
			);
			path = Network;
			sourceTree = "<group>";
		};
		BD66F97129B61B3C00313967 /* Endpoint */ = {
			isa = PBXGroup;
			children = (
				BD66F97429B61B6200313967 /* Endpoint.swift */,
				BD66F97629B61B8600313967 /* Requestable.swift */,
				BD66F97A29B61D1A00313967 /* Responsable.swift */,
			);
			path = Endpoint;
			sourceTree = "<group>";
		};
		BD66F97229B61B4100313967 /* Provider */ = {
			isa = PBXGroup;
			children = (
				BD66F97C29B61DFC00313967 /* Provider.swift */,
			);
			path = Provider;
			sourceTree = "<group>";
		};
		BD66F97329B61B5300313967 /* Common */ = {
			isa = PBXGroup;
			children = (
				BD66F97829B61C7400313967 /* NetworkError.swift */,
			);
			path = Common;
			sourceTree = "<group>";
		};
		BD66F97E29B7666100313967 /* Data */ = {
			isa = PBXGroup;
			children = (
				BD5CCE9C29ACE7E200A7FC9E /* Model */,
				BD66F97F29B7666C00313967 /* Network */,
			);
			path = Data;
			sourceTree = "<group>";
		};
		BD66F97F29B7666C00313967 /* Network */ = {
			isa = PBXGroup;
			children = (
				BD66F98229B7668500313967 /* DataMapping */,
				BD66F98129B7667B00313967 /* APIEndpoints */,
			);
			path = Network;
			sourceTree = "<group>";
		};
		BD66F98129B7667B00313967 /* APIEndpoints */ = {
			isa = PBXGroup;
			children = (
				BD66F98729B7687900313967 /* APIEndpoints.swift */,
			);
			path = APIEndpoints;
			sourceTree = "<group>";
		};
		BD66F98229B7668500313967 /* DataMapping */ = {
			isa = PBXGroup;
			children = (
				BD66F98329B766A100313967 /* SearchRepoRequestDTO.swift */,
				BD66F98529B766B400313967 /* SearchRepoResponseDTO.swift */,
			);
			path = DataMapping;
			sourceTree = "<group>";
		};
		BD66F98929B76AB500313967 /* APIEndpointsTests */ = {
			isa = PBXGroup;
			children = (
				BD66F98A29B76ADD00313967 /* APIEndpointsTests.swift */,
				BD66F98E29B7A04600313967 /* MockURLSession.swift */,
				BD66F99029B7A05700313967 /* APIMockData.swift */,
			);
			path = APIEndpointsTests;
			sourceTree = "<group>";
		};
		BD932B6F29BB62EB00599572 /* Store */ = {
			isa = PBXGroup;
			children = (
				BD932B7029BB64E100599572 /* MyRepoStore.swift */,
			);
			path = Store;
			sourceTree = "<group>";
		};
		BDE683C729BB097D00416220 /* CoreDataManagerTests */ = {
			isa = PBXGroup;
			children = (
				BDE683C829BB0A8A00416220 /* CoreDataManagerTests.swift */,
			);
			path = CoreDataManagerTests;
			sourceTree = "<group>";
		};
/* End PBXGroup section */

/* Begin PBXNativeTarget section */
		BD537BCA29A8F51D0024A871 /* GitHubSearchApp_iOS_TCA_Tests */ = {
			isa = PBXNativeTarget;
			buildConfigurationList = BD537BD129A8F51D0024A871 /* Build configuration list for PBXNativeTarget "GitHubSearchApp_iOS_TCA_Tests" */;
			buildPhases = (
				BD537BC729A8F51D0024A871 /* Sources */,
				BD537BC829A8F51D0024A871 /* Frameworks */,
				BD537BC929A8F51D0024A871 /* Resources */,
			);
			buildRules = (
			);
			dependencies = (
				BD537BD029A8F51D0024A871 /* PBXTargetDependency */,
			);
			name = GitHubSearchApp_iOS_TCA_Tests;
			productName = GitHubSearchAppComponentTests;
			productReference = BD537BCB29A8F51D0024A871 /* GitHubSearchApp_iOS_TCA_Tests.xctest */;
			productType = "com.apple.product-type.bundle.unit-test";
		};
		BD55EF4A29A60EBE006E740D /* GitHubSearchApp_iOS_TCA */ = {
			isa = PBXNativeTarget;
			buildConfigurationList = BD55EF5929A60EBF006E740D /* Build configuration list for PBXNativeTarget "GitHubSearchApp_iOS_TCA" */;
			buildPhases = (
				BD55EF4729A60EBE006E740D /* Sources */,
				BD55EF4829A60EBE006E740D /* Frameworks */,
				BD55EF4929A60EBE006E740D /* Resources */,
			);
			buildRules = (
			);
			dependencies = (
			);
			name = GitHubSearchApp_iOS_TCA;
			packageProductDependencies = (
				BD55EF5D29A79571006E740D /* ComposableArchitecture */,
			);
			productName = GitHubSearchApp_iOS_TCA;
			productReference = BD55EF4B29A60EBE006E740D /* GitHubSearchApp_iOS_TCA.app */;
			productType = "com.apple.product-type.application";
		};
/* End PBXNativeTarget section */

/* Begin PBXProject section */
		BD55EF4329A60EBE006E740D /* Project object */ = {
			isa = PBXProject;
			attributes = {
				BuildIndependentTargetsInParallel = 1;
				LastSwiftUpdateCheck = 1420;
				LastUpgradeCheck = 1420;
				TargetAttributes = {
					BD537BCA29A8F51D0024A871 = {
						CreatedOnToolsVersion = 14.2;
						LastSwiftMigration = 1420;
						TestTargetID = BD55EF4A29A60EBE006E740D;
					};
					BD55EF4A29A60EBE006E740D = {
						CreatedOnToolsVersion = 14.2;
					};
				};
			};
			buildConfigurationList = BD55EF4629A60EBE006E740D /* Build configuration list for PBXProject "GitHubSearchApp_iOS_TCA" */;
			compatibilityVersion = "Xcode 14.0";
			developmentRegion = en;
			hasScannedForEncodings = 0;
			knownRegions = (
				en,
				Base,
			);
			mainGroup = BD55EF4229A60EBE006E740D;
			packageReferences = (
				BD55EF5C29A79571006E740D /* XCRemoteSwiftPackageReference "swift-composable-architecture" */,
			);
			productRefGroup = BD55EF4C29A60EBE006E740D /* Products */;
			projectDirPath = "";
			projectRoot = "";
			targets = (
				BD55EF4A29A60EBE006E740D /* GitHubSearchApp_iOS_TCA */,
				BD537BCA29A8F51D0024A871 /* GitHubSearchApp_iOS_TCA_Tests */,
			);
		};
/* End PBXProject section */

/* Begin PBXResourcesBuildPhase section */
		BD537BC929A8F51D0024A871 /* Resources */ = {
			isa = PBXResourcesBuildPhase;
			buildActionMask = 2147483647;
			files = (
			);
			runOnlyForDeploymentPostprocessing = 0;
		};
		BD55EF4929A60EBE006E740D /* Resources */ = {
			isa = PBXResourcesBuildPhase;
			buildActionMask = 2147483647;
			files = (
				BD55EF5629A60EBF006E740D /* Preview Assets.xcassets in Resources */,
				BD55EF5329A60EBF006E740D /* Assets.xcassets in Resources */,
			);
			runOnlyForDeploymentPostprocessing = 0;
		};
/* End PBXResourcesBuildPhase section */

/* Begin PBXSourcesBuildPhase section */
		BD537BC729A8F51D0024A871 /* Sources */ = {
			isa = PBXSourcesBuildPhase;
			buildActionMask = 2147483647;
			files = (
				BD537BD529A8F7240024A871 /* GitHubSearchStoreTests.swift in Sources */,
				BD66F98F29B7A04600313967 /* MockURLSession.swift in Sources */,
				BD2F42BE29AE1B24004766A4 /* GitHubSearchViewTests.swift in Sources */,
				BD66F99129B7A05700313967 /* APIMockData.swift in Sources */,
				BDE683C929BB0A8A00416220 /* CoreDataManagerTests.swift in Sources */,
				BD66F98B29B76ADD00313967 /* APIEndpointsTests.swift in Sources */,
			);
			runOnlyForDeploymentPostprocessing = 0;
		};
		BD55EF4729A60EBE006E740D /* Sources */ = {
			isa = PBXSourcesBuildPhase;
			buildActionMask = 2147483647;
			files = (
				BD66F96E29B5D9EB00313967 /* GitHubSearchListRowView.swift in Sources */,
				BDE683C529BB085E00416220 /* MyRepo+CoreDataClass.swift in Sources */,
				BD66F97529B61B6200313967 /* Endpoint.swift in Sources */,
				BD66F98629B766B400313967 /* SearchRepoResponseDTO.swift in Sources */,
				BD66F97B29B61D1A00313967 /* Responsable.swift in Sources */,
				BD5CCEA029ACE8E100A7FC9E /* GitHubSearchStore.swift in Sources */,
				BD55EF6029A7971D006E740D /* GitHubSearchListView.swift in Sources */,
				BD66F96C29B5D70500313967 /* MyRepoListView.swift in Sources */,
				BD66F97729B61B8600313967 /* Requestable.swift in Sources */,
				BD932B6C29BB3DDB00599572 /* CoreDataManager.swift in Sources */,
				BD55EF4F29A60EBE006E740D /* GitHubSearchApp_iOS_TCAApp.swift in Sources */,
				BD537BA229A8EAE70024A871 /* RootView.swift in Sources */,
				BD66F98429B766A100313967 /* SearchRepoRequestDTO.swift in Sources */,
				BD932B7129BB64E100599572 /* MyRepoStore.swift in Sources */,
				BD66F98829B7687900313967 /* APIEndpoints.swift in Sources */,
				BDE683C629BB085E00416220 /* MyRepo+CoreDataProperties.swift in Sources */,
				BD66F97D29B61DFC00313967 /* Provider.swift in Sources */,
				BD66F96829B5D49900313967 /* ContentsTabView.swift in Sources */,
				BD932B6E29BB453000599572 /* CoreDataStorage.swift in Sources */,
				BD61778229BB04E8003002D2 /* MyRepo.xcdatamodeld in Sources */,
				BD66F97929B61C7400313967 /* NetworkError.swift in Sources */,
				BD5CCE9E29ACE7ED00A7FC9E /* Repository.swift in Sources */,
			);
			runOnlyForDeploymentPostprocessing = 0;
		};
/* End PBXSourcesBuildPhase section */

/* Begin PBXTargetDependency section */
		BD537BD029A8F51D0024A871 /* PBXTargetDependency */ = {
			isa = PBXTargetDependency;
			target = BD55EF4A29A60EBE006E740D /* GitHubSearchApp_iOS_TCA */;
			targetProxy = BD537BCF29A8F51D0024A871 /* PBXContainerItemProxy */;
		};
/* End PBXTargetDependency section */

/* Begin XCBuildConfiguration section */
		BD537BD229A8F51D0024A871 /* Debug */ = {
			isa = XCBuildConfiguration;
			buildSettings = {
				BUNDLE_LOADER = "$(TEST_HOST)";
				CLANG_ENABLE_MODULES = YES;
				CODE_SIGN_STYLE = Automatic;
				CURRENT_PROJECT_VERSION = 1;
				DEVELOPMENT_TEAM = T77G9YWYU5;
				GENERATE_INFOPLIST_FILE = YES;
				IPHONEOS_DEPLOYMENT_TARGET = 16.2;
				LD_RUNPATH_SEARCH_PATHS = (
					"$(inherited)",
					"@executable_path/Frameworks",
					"@loader_path/Frameworks",
				);
				MACOSX_DEPLOYMENT_TARGET = 13.1;
				MARKETING_VERSION = 1.0;
				PRODUCT_BUNDLE_IDENTIFIER = com.GitHubSearchAppComponentTests;
				PRODUCT_NAME = "$(TARGET_NAME)";
				SDKROOT = auto;
				SUPPORTED_PLATFORMS = "iphoneos iphonesimulator macosx";
				SWIFT_EMIT_LOC_STRINGS = NO;
				SWIFT_OPTIMIZATION_LEVEL = "-Onone";
				SWIFT_VERSION = 5.0;
				TARGETED_DEVICE_FAMILY = "1,2";
				TEST_HOST = "$(BUILT_PRODUCTS_DIR)/GitHubSearchApp_iOS_TCA.app/$(BUNDLE_EXECUTABLE_FOLDER_PATH)/GitHubSearchApp_iOS_TCA";
			};
			name = Debug;
		};
		BD537BD329A8F51D0024A871 /* Release */ = {
			isa = XCBuildConfiguration;
			buildSettings = {
				BUNDLE_LOADER = "$(TEST_HOST)";
				CLANG_ENABLE_MODULES = YES;
				CODE_SIGN_STYLE = Automatic;
				CURRENT_PROJECT_VERSION = 1;
				DEVELOPMENT_TEAM = T77G9YWYU5;
				GENERATE_INFOPLIST_FILE = YES;
				IPHONEOS_DEPLOYMENT_TARGET = 16.2;
				LD_RUNPATH_SEARCH_PATHS = (
					"$(inherited)",
					"@executable_path/Frameworks",
					"@loader_path/Frameworks",
				);
				MACOSX_DEPLOYMENT_TARGET = 13.1;
				MARKETING_VERSION = 1.0;
				PRODUCT_BUNDLE_IDENTIFIER = com.GitHubSearchAppComponentTests;
				PRODUCT_NAME = "$(TARGET_NAME)";
				SDKROOT = auto;
				SUPPORTED_PLATFORMS = "iphoneos iphonesimulator macosx";
				SWIFT_EMIT_LOC_STRINGS = NO;
				SWIFT_VERSION = 5.0;
				TARGETED_DEVICE_FAMILY = "1,2";
				TEST_HOST = "$(BUILT_PRODUCTS_DIR)/GitHubSearchApp_iOS_TCA.app/$(BUNDLE_EXECUTABLE_FOLDER_PATH)/GitHubSearchApp_iOS_TCA";
			};
			name = Release;
		};
		BD55EF5729A60EBF006E740D /* Debug */ = {
			isa = XCBuildConfiguration;
			buildSettings = {
				ALWAYS_SEARCH_USER_PATHS = NO;
				CLANG_ANALYZER_NONNULL = YES;
				CLANG_ANALYZER_NUMBER_OBJECT_CONVERSION = YES_AGGRESSIVE;
				CLANG_CXX_LANGUAGE_STANDARD = "gnu++20";
				CLANG_ENABLE_MODULES = YES;
				CLANG_ENABLE_OBJC_ARC = YES;
				CLANG_ENABLE_OBJC_WEAK = YES;
				CLANG_WARN_BLOCK_CAPTURE_AUTORELEASING = YES;
				CLANG_WARN_BOOL_CONVERSION = YES;
				CLANG_WARN_COMMA = YES;
				CLANG_WARN_CONSTANT_CONVERSION = YES;
				CLANG_WARN_DEPRECATED_OBJC_IMPLEMENTATIONS = YES;
				CLANG_WARN_DIRECT_OBJC_ISA_USAGE = YES_ERROR;
				CLANG_WARN_DOCUMENTATION_COMMENTS = YES;
				CLANG_WARN_EMPTY_BODY = YES;
				CLANG_WARN_ENUM_CONVERSION = YES;
				CLANG_WARN_INFINITE_RECURSION = YES;
				CLANG_WARN_INT_CONVERSION = YES;
				CLANG_WARN_NON_LITERAL_NULL_CONVERSION = YES;
				CLANG_WARN_OBJC_IMPLICIT_RETAIN_SELF = YES;
				CLANG_WARN_OBJC_LITERAL_CONVERSION = YES;
				CLANG_WARN_OBJC_ROOT_CLASS = YES_ERROR;
				CLANG_WARN_QUOTED_INCLUDE_IN_FRAMEWORK_HEADER = YES;
				CLANG_WARN_RANGE_LOOP_ANALYSIS = YES;
				CLANG_WARN_STRICT_PROTOTYPES = YES;
				CLANG_WARN_SUSPICIOUS_MOVE = YES;
				CLANG_WARN_UNGUARDED_AVAILABILITY = YES_AGGRESSIVE;
				CLANG_WARN_UNREACHABLE_CODE = YES;
				CLANG_WARN__DUPLICATE_METHOD_MATCH = YES;
				COPY_PHASE_STRIP = NO;
				DEBUG_INFORMATION_FORMAT = dwarf;
				ENABLE_STRICT_OBJC_MSGSEND = YES;
				ENABLE_TESTABILITY = YES;
				GCC_C_LANGUAGE_STANDARD = gnu11;
				GCC_DYNAMIC_NO_PIC = NO;
				GCC_NO_COMMON_BLOCKS = YES;
				GCC_OPTIMIZATION_LEVEL = 0;
				GCC_PREPROCESSOR_DEFINITIONS = (
					"DEBUG=1",
					"$(inherited)",
				);
				GCC_WARN_64_TO_32_BIT_CONVERSION = YES;
				GCC_WARN_ABOUT_RETURN_TYPE = YES_ERROR;
				GCC_WARN_UNDECLARED_SELECTOR = YES;
				GCC_WARN_UNINITIALIZED_AUTOS = YES_AGGRESSIVE;
				GCC_WARN_UNUSED_FUNCTION = YES;
				GCC_WARN_UNUSED_VARIABLE = YES;
				IPHONEOS_DEPLOYMENT_TARGET = 16.2;
				MTL_ENABLE_DEBUG_INFO = INCLUDE_SOURCE;
				MTL_FAST_MATH = YES;
				ONLY_ACTIVE_ARCH = YES;
				SDKROOT = iphoneos;
				SWIFT_ACTIVE_COMPILATION_CONDITIONS = DEBUG;
				SWIFT_OPTIMIZATION_LEVEL = "-Onone";
			};
			name = Debug;
		};
		BD55EF5829A60EBF006E740D /* Release */ = {
			isa = XCBuildConfiguration;
			buildSettings = {
				ALWAYS_SEARCH_USER_PATHS = NO;
				CLANG_ANALYZER_NONNULL = YES;
				CLANG_ANALYZER_NUMBER_OBJECT_CONVERSION = YES_AGGRESSIVE;
				CLANG_CXX_LANGUAGE_STANDARD = "gnu++20";
				CLANG_ENABLE_MODULES = YES;
				CLANG_ENABLE_OBJC_ARC = YES;
				CLANG_ENABLE_OBJC_WEAK = YES;
				CLANG_WARN_BLOCK_CAPTURE_AUTORELEASING = YES;
				CLANG_WARN_BOOL_CONVERSION = YES;
				CLANG_WARN_COMMA = YES;
				CLANG_WARN_CONSTANT_CONVERSION = YES;
				CLANG_WARN_DEPRECATED_OBJC_IMPLEMENTATIONS = YES;
				CLANG_WARN_DIRECT_OBJC_ISA_USAGE = YES_ERROR;
				CLANG_WARN_DOCUMENTATION_COMMENTS = YES;
				CLANG_WARN_EMPTY_BODY = YES;
				CLANG_WARN_ENUM_CONVERSION = YES;
				CLANG_WARN_INFINITE_RECURSION = YES;
				CLANG_WARN_INT_CONVERSION = YES;
				CLANG_WARN_NON_LITERAL_NULL_CONVERSION = YES;
				CLANG_WARN_OBJC_IMPLICIT_RETAIN_SELF = YES;
				CLANG_WARN_OBJC_LITERAL_CONVERSION = YES;
				CLANG_WARN_OBJC_ROOT_CLASS = YES_ERROR;
				CLANG_WARN_QUOTED_INCLUDE_IN_FRAMEWORK_HEADER = YES;
				CLANG_WARN_RANGE_LOOP_ANALYSIS = YES;
				CLANG_WARN_STRICT_PROTOTYPES = YES;
				CLANG_WARN_SUSPICIOUS_MOVE = YES;
				CLANG_WARN_UNGUARDED_AVAILABILITY = YES_AGGRESSIVE;
				CLANG_WARN_UNREACHABLE_CODE = YES;
				CLANG_WARN__DUPLICATE_METHOD_MATCH = YES;
				COPY_PHASE_STRIP = NO;
				DEBUG_INFORMATION_FORMAT = "dwarf-with-dsym";
				ENABLE_NS_ASSERTIONS = NO;
				ENABLE_STRICT_OBJC_MSGSEND = YES;
				GCC_C_LANGUAGE_STANDARD = gnu11;
				GCC_NO_COMMON_BLOCKS = YES;
				GCC_WARN_64_TO_32_BIT_CONVERSION = YES;
				GCC_WARN_ABOUT_RETURN_TYPE = YES_ERROR;
				GCC_WARN_UNDECLARED_SELECTOR = YES;
				GCC_WARN_UNINITIALIZED_AUTOS = YES_AGGRESSIVE;
				GCC_WARN_UNUSED_FUNCTION = YES;
				GCC_WARN_UNUSED_VARIABLE = YES;
				IPHONEOS_DEPLOYMENT_TARGET = 16.2;
				MTL_ENABLE_DEBUG_INFO = NO;
				MTL_FAST_MATH = YES;
				SDKROOT = iphoneos;
				SWIFT_COMPILATION_MODE = wholemodule;
				SWIFT_OPTIMIZATION_LEVEL = "-O";
				VALIDATE_PRODUCT = YES;
			};
			name = Release;
		};
		BD55EF5A29A60EBF006E740D /* Debug */ = {
			isa = XCBuildConfiguration;
			buildSettings = {
				ASSETCATALOG_COMPILER_APPICON_NAME = AppIcon;
				ASSETCATALOG_COMPILER_GLOBAL_ACCENT_COLOR_NAME = AccentColor;
				CODE_SIGN_STYLE = Automatic;
				CURRENT_PROJECT_VERSION = 1;
				DEVELOPMENT_ASSET_PATHS = "\"GitHubSearchApp_iOS_TCA/Preview Content\"";
				DEVELOPMENT_TEAM = T77G9YWYU5;
				ENABLE_PREVIEWS = YES;
				GENERATE_INFOPLIST_FILE = YES;
				INFOPLIST_KEY_UIApplicationSceneManifest_Generation = YES;
				INFOPLIST_KEY_UIApplicationSupportsIndirectInputEvents = YES;
				INFOPLIST_KEY_UILaunchScreen_Generation = YES;
				INFOPLIST_KEY_UISupportedInterfaceOrientations = "UIInterfaceOrientationLandscapeLeft UIInterfaceOrientationLandscapeRight UIInterfaceOrientationPortrait";
				INFOPLIST_KEY_UISupportedInterfaceOrientations_iPad = "UIInterfaceOrientationLandscapeLeft UIInterfaceOrientationLandscapeRight UIInterfaceOrientationPortrait UIInterfaceOrientationPortraitUpsideDown";
				IPHONEOS_DEPLOYMENT_TARGET = 16.0;
				LD_RUNPATH_SEARCH_PATHS = (
					"$(inherited)",
					"@executable_path/Frameworks",
				);
				MARKETING_VERSION = 1.0;
				PRODUCT_BUNDLE_IDENTIFIER = "com.GitHubSearchApp-iOS-TCA";
				PRODUCT_NAME = "$(TARGET_NAME)";
				SWIFT_EMIT_LOC_STRINGS = YES;
				SWIFT_VERSION = 5.0;
				TARGETED_DEVICE_FAMILY = "1,2";
			};
			name = Debug;
		};
		BD55EF5B29A60EBF006E740D /* Release */ = {
			isa = XCBuildConfiguration;
			buildSettings = {
				ASSETCATALOG_COMPILER_APPICON_NAME = AppIcon;
				ASSETCATALOG_COMPILER_GLOBAL_ACCENT_COLOR_NAME = AccentColor;
				CODE_SIGN_STYLE = Automatic;
				CURRENT_PROJECT_VERSION = 1;
				DEVELOPMENT_ASSET_PATHS = "\"GitHubSearchApp_iOS_TCA/Preview Content\"";
				DEVELOPMENT_TEAM = T77G9YWYU5;
				ENABLE_PREVIEWS = YES;
				GENERATE_INFOPLIST_FILE = YES;
				INFOPLIST_KEY_UIApplicationSceneManifest_Generation = YES;
				INFOPLIST_KEY_UIApplicationSupportsIndirectInputEvents = YES;
				INFOPLIST_KEY_UILaunchScreen_Generation = YES;
				INFOPLIST_KEY_UISupportedInterfaceOrientations = "UIInterfaceOrientationLandscapeLeft UIInterfaceOrientationLandscapeRight UIInterfaceOrientationPortrait";
				INFOPLIST_KEY_UISupportedInterfaceOrientations_iPad = "UIInterfaceOrientationLandscapeLeft UIInterfaceOrientationLandscapeRight UIInterfaceOrientationPortrait UIInterfaceOrientationPortraitUpsideDown";
				IPHONEOS_DEPLOYMENT_TARGET = 16.0;
				LD_RUNPATH_SEARCH_PATHS = (
					"$(inherited)",
					"@executable_path/Frameworks",
				);
				MARKETING_VERSION = 1.0;
				PRODUCT_BUNDLE_IDENTIFIER = "com.GitHubSearchApp-iOS-TCA";
				PRODUCT_NAME = "$(TARGET_NAME)";
				SWIFT_EMIT_LOC_STRINGS = YES;
				SWIFT_VERSION = 5.0;
				TARGETED_DEVICE_FAMILY = "1,2";
			};
			name = Release;
		};
/* End XCBuildConfiguration section */

/* Begin XCConfigurationList section */
		BD537BD129A8F51D0024A871 /* Build configuration list for PBXNativeTarget "GitHubSearchApp_iOS_TCA_Tests" */ = {
			isa = XCConfigurationList;
			buildConfigurations = (
				BD537BD229A8F51D0024A871 /* Debug */,
				BD537BD329A8F51D0024A871 /* Release */,
			);
			defaultConfigurationIsVisible = 0;
			defaultConfigurationName = Release;
		};
		BD55EF4629A60EBE006E740D /* Build configuration list for PBXProject "GitHubSearchApp_iOS_TCA" */ = {
			isa = XCConfigurationList;
			buildConfigurations = (
				BD55EF5729A60EBF006E740D /* Debug */,
				BD55EF5829A60EBF006E740D /* Release */,
			);
			defaultConfigurationIsVisible = 0;
			defaultConfigurationName = Release;
		};
		BD55EF5929A60EBF006E740D /* Build configuration list for PBXNativeTarget "GitHubSearchApp_iOS_TCA" */ = {
			isa = XCConfigurationList;
			buildConfigurations = (
				BD55EF5A29A60EBF006E740D /* Debug */,
				BD55EF5B29A60EBF006E740D /* Release */,
			);
			defaultConfigurationIsVisible = 0;
			defaultConfigurationName = Release;
		};
/* End XCConfigurationList section */

/* Begin XCRemoteSwiftPackageReference section */
		BD55EF5C29A79571006E740D /* XCRemoteSwiftPackageReference "swift-composable-architecture" */ = {
			isa = XCRemoteSwiftPackageReference;
			repositoryURL = "https://github.com/pointfreeco/swift-composable-architecture";
			requirement = {
				kind = upToNextMajorVersion;
				minimumVersion = 0.9.0;
			};
		};
/* End XCRemoteSwiftPackageReference section */

/* Begin XCSwiftPackageProductDependency section */
		BD55EF5D29A79571006E740D /* ComposableArchitecture */ = {
			isa = XCSwiftPackageProductDependency;
			package = BD55EF5C29A79571006E740D /* XCRemoteSwiftPackageReference "swift-composable-architecture" */;
			productName = ComposableArchitecture;
		};
/* End XCSwiftPackageProductDependency section */

/* Begin XCVersionGroup section */
		BD61778029BB04E8003002D2 /* MyRepo.xcdatamodeld */ = {
			isa = XCVersionGroup;
			children = (
				BD61778129BB04E8003002D2 /* MyRepo.xcdatamodel */,
			);
			currentVersion = BD61778129BB04E8003002D2 /* MyRepo.xcdatamodel */;
			path = MyRepo.xcdatamodeld;
			sourceTree = "<group>";
			versionGroupType = wrapper.xcdatamodel;
		};
/* End XCVersionGroup section */
	};
	rootObject = BD55EF4329A60EBE006E740D /* Project object */;
}
